{
  "nodes": {
    "nixpkgs": {
      "locked": {
        "lastModified": 1687970538,
        "narHash": "sha256-ngilaJK8F1xLTzUh8Pr8+fouB3hyB8Kw6LmKXCz2kS0=",
        "owner": "NixOS",
        "repo": "nixpkgs",
        "rev": "93f1e999f22704978505a55ca2168caae8fb6724",
        "type": "github"
      },
      "original": {
        "owner": "NixOS",
        "repo": "nixpkgs",
        "type": "github"
      }
    },
    "root": {
      "inputs": {
        "nixpkgs": "nixpkgs"
      }
    }
  },
  "root": "root",
  "version": 7
}
